
Microsoft Visual Studio Solution File, Format Version 12.00
# Visual Studio 15
VisualStudioVersion = 15.0.26730.16
MinimumVisualStudioVersion = 10.0.40219.1
Project("{FAE04EC0-301F-11D3-BF4B-00C04F79EFBC}") = "CCTV.Service", "CCTV.Service\CCTV.Service.csproj", "{B0B8AB10-CEBC-4311-8174-84781BD92E16}"
EndProject
Project("{FAE04EC0-301F-11D3-BF4B-00C04F79EFBC}") = "CCTV.Core", "CCTV.Core\CCTV.Core.csproj", "{513F8E09-7393-4BEC-8D6F-212172A01701}"
EndProject
Project("{2150E333-8FDC-42A3-9474-1A3956D46DE8}") = "Solution Items", "Solution Items", "{031C5766-4094-4365-9C1D-87DF17116C4C}"
	ProjectSection(SolutionItems) = preProject
		Readme.md = Readme.md
		Settings.json = Settings.json
	EndProjectSection
EndProject
Project("{FAE04EC0-301F-11D3-BF4B-00C04F79EFBC}") = "CCTV.Core.App", "CCTV.Core.App\CCTV.Core.App.csproj", "{43353072-D7D5-4106-968F-A9EA6A07CEF2}"
EndProject
Global
	GlobalSection(SolutionConfigurationPlatforms) = preSolution
		Debug|Any CPU = Debug|Any CPU
		Release|Any CPU = Release|Any CPU
	EndGlobalSection
	GlobalSection(ProjectConfigurationPlatforms) = postSolution
		{B0B8AB10-CEBC-4311-8174-84781BD92E16}.Debug|Any CPU.ActiveCfg = Debug|Any CPU
		{B0B8AB10-CEBC-4311-8174-84781BD92E16}.Debug|Any CPU.Build.0 = Debug|Any CPU
		{B0B8AB10-CEBC-4311-8174-84781BD92E16}.Release|Any CPU.ActiveCfg = Release|Any CPU
		{B0B8AB10-CEBC-4311-8174-84781BD92E16}.Release|Any CPU.Build.0 = Release|Any CPU
		{513F8E09-7393-4BEC-8D6F-212172A01701}.Debug|Any CPU.ActiveCfg = Debug|Any CPU
		{513F8E09-7393-4BEC-8D6F-212172A01701}.Debug|Any CPU.Build.0 = Debug|Any CPU
		{513F8E09-7393-4BEC-8D6F-212172A01701}.Release|Any CPU.ActiveCfg = Release|Any CPU
		{513F8E09-7393-4BEC-8D6F-212172A01701}.Release|Any CPU.Build.0 = Release|Any CPU
		{43353072-D7D5-4106-968F-A9EA6A07CEF2}.Debug|Any CPU.ActiveCfg = Debug|Any CPU
		{43353072-D7D5-4106-968F-A9EA6A07CEF2}.Debug|Any CPU.Build.0 = Debug|Any CPU
		{43353072-D7D5-4106-968F-A9EA6A07CEF2}.Release|Any CPU.ActiveCfg = Release|Any CPU
		{43353072-D7D5-4106-968F-A9EA6A07CEF2}.Release|Any CPU.Build.0 = Release|Any CPU
	EndGlobalSection
	GlobalSection(SolutionProperties) = preSolution
		HideSolutionNode = FALSE
	EndGlobalSection
	GlobalSection(ExtensibilityGlobals) = postSolution
		SolutionGuid = {B5F4052D-F28C-42DA-9D27-F4BD4AD787C9}
	EndGlobalSection
EndGlobal
